
Microsoft Visual Studio Solution File, Format Version 12.00
# Visual Studio Version 17
VisualStudioVersion = 17.3.32825.248
MinimumVisualStudioVersion = 10.0.40219.1
Project("{FAE04EC0-301F-11D3-BF4B-00C04F79EFBC}") = "HiltonDeluxe", "HiltonDeluxe.csproj", "{A1BDDE97-1F5F-4EDA-A23C-1B5DB41CFA4B}"
EndProject
Global
	GlobalSection(SolutionConfigurationPlatforms) = preSolution
		Debug|Any CPU = Debug|Any CPU
		Release|Any CPU = Release|Any CPU
	EndGlobalSection
	GlobalSection(ProjectConfigurationPlatforms) = postSolution
		{A1BDDE97-1F5F-4EDA-A23C-1B5DB41CFA4B}.Debug|Any CPU.ActiveCfg = Debug|Any CPU
		{A1BDDE97-1F5F-4EDA-A23C-1B5DB41CFA4B}.Debug|Any CPU.Build.0 = Debug|Any CPU
		{A1BDDE97-1F5F-4EDA-A23C-1B5DB41CFA4B}.Release|Any CPU.ActiveCfg = Release|Any CPU
		{A1BDDE97-1F5F-4EDA-A23C-1B5DB41CFA4B}.Release|Any CPU.Build.0 = Release|Any CPU
	EndGlobalSection
	GlobalSection(SolutionProperties) = preSolution
		HideSolutionNode = FALSE
	EndGlobalSection
	GlobalSection(ExtensibilityGlobals) = postSolution
		SolutionGuid = {74903412-A0DA-4FB8-BAD8-BA2FF47AE087}
	EndGlobalSection
EndGlobal
